// !$*UTF8*$!
{
	archiveVersion = 1;
	classes = {
	};
	objectVersion = 50;
	objects = {

/* Begin PBXBuildFile section */
		8E0FE9AC2638601A00EF6521 /* FavoriteButton.swift in Sources */ = {isa = PBXBuildFile; fileRef = 8E0FE9AB2638601A00EF6521 /* FavoriteButton.swift */; };
		8E0FE9B52638682100EF6521 /* HexagonParameters.swift in Sources */ = {isa = PBXBuildFile; fileRef = 8E0FE9B42638682100EF6521 /* HexagonParameters.swift */; };
		8E0FE9BA263871A100EF6521 /* BadgeBackground.swift in Sources */ = {isa = PBXBuildFile; fileRef = 8E0FE9B9263871A100EF6521 /* BadgeBackground.swift */; };
		8ECB87E32636BD73005A4ABA /* LandmarksApp.swift in Sources */ = {isa = PBXBuildFile; fileRef = 8ECB87E22636BD73005A4ABA /* LandmarksApp.swift */; };
		8ECB87E52636BD73005A4ABA /* ContentView.swift in Sources */ = {isa = PBXBuildFile; fileRef = 8ECB87E42636BD73005A4ABA /* ContentView.swift */; };
		8ECB87E72636BD74005A4ABA /* Assets.xcassets in Resources */ = {isa = PBXBuildFile; fileRef = 8ECB87E62636BD74005A4ABA /* Assets.xcassets */; };
		8ECB87EA2636BD74005A4ABA /* Preview Assets.xcassets in Resources */ = {isa = PBXBuildFile; fileRef = 8ECB87E92636BD74005A4ABA /* Preview Assets.xcassets */; };
		8ECB87F52636BD74005A4ABA /* LandmarksTests.swift in Sources */ = {isa = PBXBuildFile; fileRef = 8ECB87F42636BD74005A4ABA /* LandmarksTests.swift */; };
		8ECB88002636BD74005A4ABA /* LandmarksUITests.swift in Sources */ = {isa = PBXBuildFile; fileRef = 8ECB87FF2636BD74005A4ABA /* LandmarksUITests.swift */; };
		8ECB88222636D3ED005A4ABA /* CircleImage.swift in Sources */ = {isa = PBXBuildFile; fileRef = 8ECB88212636D3ED005A4ABA /* CircleImage.swift */; };
		8ECB88272636D52B005A4ABA /* MapView.swift in Sources */ = {isa = PBXBuildFile; fileRef = 8ECB88262636D52B005A4ABA /* MapView.swift */; };
		8ECB88972636DF07005A4ABA /* Landmark.swift in Sources */ = {isa = PBXBuildFile; fileRef = 8ECB88962636DF07005A4ABA /* Landmark.swift */; };
		8ECB889C2636DF1D005A4ABA /* landmarkData.json in Resources */ = {isa = PBXBuildFile; fileRef = 8ECB889B2636DF1D005A4ABA /* landmarkData.json */; };
		8ECB88A12636E10D005A4ABA /* ModelData.swift in Sources */ = {isa = PBXBuildFile; fileRef = 8ECB88A02636E10D005A4ABA /* ModelData.swift */; };
		8ECB88A92636E705005A4ABA /* LandmarkRow.swift in Sources */ = {isa = PBXBuildFile; fileRef = 8ECB88A82636E705005A4ABA /* LandmarkRow.swift */; };
		8ECB88B72636EAD7005A4ABA /* LandmarkList.swift in Sources */ = {isa = PBXBuildFile; fileRef = 8ECB88B62636EAD7005A4ABA /* LandmarkList.swift */; };
		8ECB88BC2636EBCF005A4ABA /* LandmarkDetail.swift in Sources */ = {isa = PBXBuildFile; fileRef = 8ECB88BB2636EBCF005A4ABA /* LandmarkDetail.swift */; };
/* End PBXBuildFile section */

/* Begin PBXContainerItemProxy section */
		8ECB87F12636BD74005A4ABA /* PBXContainerItemProxy */ = {
			isa = PBXContainerItemProxy;
			containerPortal = 8ECB87D72636BD73005A4ABA /* Project object */;
			proxyType = 1;
			remoteGlobalIDString = 8ECB87DE2636BD73005A4ABA;
			remoteInfo = Landmarks;
		};
		8ECB87FC2636BD74005A4ABA /* PBXContainerItemProxy */ = {
			isa = PBXContainerItemProxy;
			containerPortal = 8ECB87D72636BD73005A4ABA /* Project object */;
			proxyType = 1;
			remoteGlobalIDString = 8ECB87DE2636BD73005A4ABA;
			remoteInfo = Landmarks;
		};
/* End PBXContainerItemProxy section */

/* Begin PBXFileReference section */
		8E0FE9AB2638601A00EF6521 /* FavoriteButton.swift */ = {isa = PBXFileReference; lastKnownFileType = sourcecode.swift; path = FavoriteButton.swift; sourceTree = "<group>"; };
		8E0FE9B42638682100EF6521 /* HexagonParameters.swift */ = {isa = PBXFileReference; lastKnownFileType = sourcecode.swift; path = HexagonParameters.swift; sourceTree = "<group>"; };
		8E0FE9B9263871A100EF6521 /* BadgeBackground.swift */ = {isa = PBXFileReference; lastKnownFileType = sourcecode.swift; path = BadgeBackground.swift; sourceTree = "<group>"; };
		8ECB87DF2636BD73005A4ABA /* Landmarks.app */ = {isa = PBXFileReference; explicitFileType = wrapper.application; includeInIndex = 0; path = Landmarks.app; sourceTree = BUILT_PRODUCTS_DIR; };
		8ECB87E22636BD73005A4ABA /* LandmarksApp.swift */ = {isa = PBXFileReference; lastKnownFileType = sourcecode.swift; path = LandmarksApp.swift; sourceTree = "<group>"; };
		8ECB87E42636BD73005A4ABA /* ContentView.swift */ = {isa = PBXFileReference; lastKnownFileType = sourcecode.swift; path = ContentView.swift; sourceTree = "<group>"; };
		8ECB87E62636BD74005A4ABA /* Assets.xcassets */ = {isa = PBXFileReference; lastKnownFileType = folder.assetcatalog; path = Assets.xcassets; sourceTree = "<group>"; };
		8ECB87E92636BD74005A4ABA /* Preview Assets.xcassets */ = {isa = PBXFileReference; lastKnownFileType = folder.assetcatalog; path = "Preview Assets.xcassets"; sourceTree = "<group>"; };
		8ECB87EB2636BD74005A4ABA /* Info.plist */ = {isa = PBXFileReference; lastKnownFileType = text.plist.xml; path = Info.plist; sourceTree = "<group>"; };
		8ECB87F02636BD74005A4ABA /* LandmarksTests.xctest */ = {isa = PBXFileReference; explicitFileType = wrapper.cfbundle; includeInIndex = 0; path = LandmarksTests.xctest; sourceTree = BUILT_PRODUCTS_DIR; };
		8ECB87F42636BD74005A4ABA /* LandmarksTests.swift */ = {isa = PBXFileReference; lastKnownFileType = sourcecode.swift; path = LandmarksTests.swift; sourceTree = "<group>"; };
		8ECB87F62636BD74005A4ABA /* Info.plist */ = {isa = PBXFileReference; lastKnownFileType = text.plist.xml; path = Info.plist; sourceTree = "<group>"; };
		8ECB87FB2636BD74005A4ABA /* LandmarksUITests.xctest */ = {isa = PBXFileReference; explicitFileType = wrapper.cfbundle; includeInIndex = 0; path = LandmarksUITests.xctest; sourceTree = BUILT_PRODUCTS_DIR; };
		8ECB87FF2636BD74005A4ABA /* LandmarksUITests.swift */ = {isa = PBXFileReference; lastKnownFileType = sourcecode.swift; path = LandmarksUITests.swift; sourceTree = "<group>"; };
		8ECB88012636BD74005A4ABA /* Info.plist */ = {isa = PBXFileReference; lastKnownFileType = text.plist.xml; path = Info.plist; sourceTree = "<group>"; };
		8ECB881D2636D3C2005A4ABA /* turtlerock@2x.jpg */ = {isa = PBXFileReference; lastKnownFileType = image.jpeg; path = "turtlerock@2x.jpg"; sourceTree = "<group>"; };
		8ECB88212636D3ED005A4ABA /* CircleImage.swift */ = {isa = PBXFileReference; lastKnownFileType = sourcecode.swift; path = CircleImage.swift; sourceTree = "<group>"; };
		8ECB88262636D52B005A4ABA /* MapView.swift */ = {isa = PBXFileReference; lastKnownFileType = sourcecode.swift; path = MapView.swift; sourceTree = "<group>"; };
		8ECB88962636DF07005A4ABA /* Landmark.swift */ = {isa = PBXFileReference; lastKnownFileType = sourcecode.swift; path = Landmark.swift; sourceTree = "<group>"; };
		8ECB889B2636DF1D005A4ABA /* landmarkData.json */ = {isa = PBXFileReference; fileEncoding = 4; lastKnownFileType = text.json; path = landmarkData.json; sourceTree = "<group>"; };
		8ECB88A02636E10D005A4ABA /* ModelData.swift */ = {isa = PBXFileReference; lastKnownFileType = sourcecode.swift; path = ModelData.swift; sourceTree = "<group>"; };
		8ECB88A82636E705005A4ABA /* LandmarkRow.swift */ = {isa = PBXFileReference; lastKnownFileType = sourcecode.swift; path = LandmarkRow.swift; sourceTree = "<group>"; };
		8ECB88B62636EAD7005A4ABA /* LandmarkList.swift */ = {isa = PBXFileReference; lastKnownFileType = sourcecode.swift; path = LandmarkList.swift; sourceTree = "<group>"; };
		8ECB88BB2636EBCF005A4ABA /* LandmarkDetail.swift */ = {isa = PBXFileReference; lastKnownFileType = sourcecode.swift; path = LandmarkDetail.swift; sourceTree = "<group>"; };
/* End PBXFileReference section */

/* Begin PBXFrameworksBuildPhase section */
		8ECB87DC2636BD73005A4ABA /* Frameworks */ = {
			isa = PBXFrameworksBuildPhase;
			buildActionMask = 2147483647;
			files = (
			);
			runOnlyForDeploymentPostprocessing = 0;
		};
		8ECB87ED2636BD74005A4ABA /* Frameworks */ = {
			isa = PBXFrameworksBuildPhase;
			buildActionMask = 2147483647;
			files = (
			);
			runOnlyForDeploymentPostprocessing = 0;
		};
		8ECB87F82636BD74005A4ABA /* Frameworks */ = {
			isa = PBXFrameworksBuildPhase;
			buildActionMask = 2147483647;
			files = (
			);
			runOnlyForDeploymentPostprocessing = 0;
		};
/* End PBXFrameworksBuildPhase section */

/* Begin PBXGroup section */
		8E0FE9B0263864EC00EF6521 /* Helpers */ = {
			isa = PBXGroup;
			children = (
				8ECB88212636D3ED005A4ABA /* CircleImage.swift */,
				8ECB88262636D52B005A4ABA /* MapView.swift */,
				8E0FE9AB2638601A00EF6521 /* FavoriteButton.swift */,
			);
			path = Helpers;
			sourceTree = "<group>";
		};
		8ECB87D62636BD73005A4ABA = {
			isa = PBXGroup;
			children = (
				8ECB87E12636BD73005A4ABA /* Landmarks */,
				8ECB87F32636BD74005A4ABA /* LandmarksTests */,
				8ECB87FE2636BD74005A4ABA /* LandmarksUITests */,
				8ECB87E02636BD73005A4ABA /* Products */,
			);
			sourceTree = "<group>";
		};
		8ECB87E02636BD73005A4ABA /* Products */ = {
			isa = PBXGroup;
			children = (
				8ECB87DF2636BD73005A4ABA /* Landmarks.app */,
				8ECB87F02636BD74005A4ABA /* LandmarksTests.xctest */,
				8ECB87FB2636BD74005A4ABA /* LandmarksUITests.xctest */,
			);
			name = Products;
			sourceTree = "<group>";
		};
		8ECB87E12636BD73005A4ABA /* Landmarks */ = {
			isa = PBXGroup;
			children = (
				8E0FE9B0263864EC00EF6521 /* Helpers */,
				8ECB88A72636E669005A4ABA /* Resources */,
				8ECB88A62636E657005A4ABA /* Models */,
				8ECB88A52636E62D005A4ABA /* Views */,
				8ECB87E22636BD73005A4ABA /* LandmarksApp.swift */,
				8ECB87E62636BD74005A4ABA /* Assets.xcassets */,
				8ECB87EB2636BD74005A4ABA /* Info.plist */,
				8ECB87E82636BD74005A4ABA /* Preview Content */,
			);
			path = Landmarks;
			sourceTree = "<group>";
		};
		8ECB87E82636BD74005A4ABA /* Preview Content */ = {
			isa = PBXGroup;
			children = (
				8ECB87E92636BD74005A4ABA /* Preview Assets.xcassets */,
				8ECB881D2636D3C2005A4ABA /* turtlerock@2x.jpg */,
			);
			path = "Preview Content";
			sourceTree = "<group>";
		};
		8ECB87F32636BD74005A4ABA /* LandmarksTests */ = {
			isa = PBXGroup;
			children = (
				8ECB87F42636BD74005A4ABA /* LandmarksTests.swift */,
				8ECB87F62636BD74005A4ABA /* Info.plist */,
			);
			path = LandmarksTests;
			sourceTree = "<group>";
		};
		8ECB87FE2636BD74005A4ABA /* LandmarksUITests */ = {
			isa = PBXGroup;
			children = (
				8ECB87FF2636BD74005A4ABA /* LandmarksUITests.swift */,
				8ECB88012636BD74005A4ABA /* Info.plist */,
			);
			path = LandmarksUITests;
			sourceTree = "<group>";
		};
		8ECB88A52636E62D005A4ABA /* Views */ = {
			isa = PBXGroup;
			children = (
				8ECB87E42636BD73005A4ABA /* ContentView.swift */,
				8ECB88A82636E705005A4ABA /* LandmarkRow.swift */,
				8ECB88B62636EAD7005A4ABA /* LandmarkList.swift */,
				8ECB88BB2636EBCF005A4ABA /* LandmarkDetail.swift */,
				8E0FE9B42638682100EF6521 /* HexagonParameters.swift */,
				8E0FE9B9263871A100EF6521 /* BadgeBackground.swift */,
			);
			path = Views;
			sourceTree = "<group>";
		};
		8ECB88A62636E657005A4ABA /* Models */ = {
			isa = PBXGroup;
			children = (
				8ECB88A02636E10D005A4ABA /* ModelData.swift */,
				8ECB88962636DF07005A4ABA /* Landmark.swift */,
			);
			path = Models;
			sourceTree = "<group>";
		};
		8ECB88A72636E669005A4ABA /* Resources */ = {
			isa = PBXGroup;
			children = (
				8ECB889B2636DF1D005A4ABA /* landmarkData.json */,
			);
			path = Resources;
			sourceTree = "<group>";
		};
/* End PBXGroup section */

/* Begin PBXNativeTarget section */
		8ECB87DE2636BD73005A4ABA /* Landmarks */ = {
			isa = PBXNativeTarget;
			buildConfigurationList = 8ECB88042636BD74005A4ABA /* Build configuration list for PBXNativeTarget "Landmarks" */;
			buildPhases = (
				8ECB87DB2636BD73005A4ABA /* Sources */,
				8ECB87DC2636BD73005A4ABA /* Frameworks */,
				8ECB87DD2636BD73005A4ABA /* Resources */,
			);
			buildRules = (
			);
			dependencies = (
			);
			name = Landmarks;
			productName = Landmarks;
			productReference = 8ECB87DF2636BD73005A4ABA /* Landmarks.app */;
			productType = "com.apple.product-type.application";
		};
		8ECB87EF2636BD74005A4ABA /* LandmarksTests */ = {
			isa = PBXNativeTarget;
			buildConfigurationList = 8ECB88072636BD74005A4ABA /* Build configuration list for PBXNativeTarget "LandmarksTests" */;
			buildPhases = (
				8ECB87EC2636BD74005A4ABA /* Sources */,
				8ECB87ED2636BD74005A4ABA /* Frameworks */,
				8ECB87EE2636BD74005A4ABA /* Resources */,
			);
			buildRules = (
			);
			dependencies = (
				8ECB87F22636BD74005A4ABA /* PBXTargetDependency */,
			);
			name = LandmarksTests;
			productName = LandmarksTests;
			productReference = 8ECB87F02636BD74005A4ABA /* LandmarksTests.xctest */;
			productType = "com.apple.product-type.bundle.unit-test";
		};
		8ECB87FA2636BD74005A4ABA /* LandmarksUITests */ = {
			isa = PBXNativeTarget;
			buildConfigurationList = 8ECB880A2636BD74005A4ABA /* Build configuration list for PBXNativeTarget "LandmarksUITests" */;
			buildPhases = (
				8ECB87F72636BD74005A4ABA /* Sources */,
				8ECB87F82636BD74005A4ABA /* Frameworks */,
				8ECB87F92636BD74005A4ABA /* Resources */,
			);
			buildRules = (
			);
			dependencies = (
				8ECB87FD2636BD74005A4ABA /* PBXTargetDependency */,
			);
			name = LandmarksUITests;
			productName = LandmarksUITests;
			productReference = 8ECB87FB2636BD74005A4ABA /* LandmarksUITests.xctest */;
			productType = "com.apple.product-type.bundle.ui-testing";
		};
/* End PBXNativeTarget section */

/* Begin PBXProject section */
		8ECB87D72636BD73005A4ABA /* Project object */ = {
			isa = PBXProject;
			attributes = {
				LastSwiftUpdateCheck = 1210;
				LastUpgradeCheck = 1210;
				TargetAttributes = {
					8ECB87DE2636BD73005A4ABA = {
						CreatedOnToolsVersion = 12.1;
					};
					8ECB87EF2636BD74005A4ABA = {
						CreatedOnToolsVersion = 12.1;
						TestTargetID = 8ECB87DE2636BD73005A4ABA;
					};
					8ECB87FA2636BD74005A4ABA = {
						CreatedOnToolsVersion = 12.1;
						TestTargetID = 8ECB87DE2636BD73005A4ABA;
					};
				};
			};
			buildConfigurationList = 8ECB87DA2636BD73005A4ABA /* Build configuration list for PBXProject "Landmarks" */;
			compatibilityVersion = "Xcode 9.3";
			developmentRegion = en;
			hasScannedForEncodings = 0;
			knownRegions = (
				en,
				Base,
			);
			mainGroup = 8ECB87D62636BD73005A4ABA;
			productRefGroup = 8ECB87E02636BD73005A4ABA /* Products */;
			projectDirPath = "";
			projectRoot = "";
			targets = (
				8ECB87DE2636BD73005A4ABA /* Landmarks */,
				8ECB87EF2636BD74005A4ABA /* LandmarksTests */,
				8ECB87FA2636BD74005A4ABA /* LandmarksUITests */,
			);
		};
/* End PBXProject section */

/* Begin PBXResourcesBuildPhase section */
		8ECB87DD2636BD73005A4ABA /* Resources */ = {
			isa = PBXResourcesBuildPhase;
			buildActionMask = 2147483647;
			files = (
				8ECB87EA2636BD74005A4ABA /* Preview Assets.xcassets in Resources */,
				8ECB87E72636BD74005A4ABA /* Assets.xcassets in Resources */,
				8ECB889C2636DF1D005A4ABA /* landmarkData.json in Resources */,
			);
			runOnlyForDeploymentPostprocessing = 0;
		};
		8ECB87EE2636BD74005A4ABA /* Resources */ = {
			isa = PBXResourcesBuildPhase;
			buildActionMask = 2147483647;
			files = (
			);
			runOnlyForDeploymentPostprocessing = 0;
		};
		8ECB87F92636BD74005A4ABA /* Resources */ = {
			isa = PBXResourcesBuildPhase;
			buildActionMask = 2147483647;
			files = (
			);
			runOnlyForDeploymentPostprocessing = 0;
		};
/* End PBXResourcesBuildPhase section */

/* Begin PBXSourcesBuildPhase section */
		8ECB87DB2636BD73005A4ABA /* Sources */ = {
			isa = PBXSourcesBuildPhase;
			buildActionMask = 2147483647;
			files = (
				8ECB87E52636BD73005A4ABA /* ContentView.swift in Sources */,
				8ECB88272636D52B005A4ABA /* MapView.swift in Sources */,
				8ECB87E32636BD73005A4ABA /* LandmarksApp.swift in Sources */,
				8E0FE9AC2638601A00EF6521 /* FavoriteButton.swift in Sources */,
				8E0FE9B52638682100EF6521 /* HexagonParameters.swift in Sources */,
				8ECB88B72636EAD7005A4ABA /* LandmarkList.swift in Sources */,
				8ECB88BC2636EBCF005A4ABA /* LandmarkDetail.swift in Sources */,
				8E0FE9BA263871A100EF6521 /* BadgeBackground.swift in Sources */,
				8ECB88222636D3ED005A4ABA /* CircleImage.swift in Sources */,
				8ECB88972636DF07005A4ABA /* Landmark.swift in Sources */,
				8ECB88A92636E705005A4ABA /* LandmarkRow.swift in Sources */,
				8ECB88A12636E10D005A4ABA /* ModelData.swift in Sources */,
			);
			runOnlyForDeploymentPostprocessing = 0;
		};
		8ECB87EC2636BD74005A4ABA /* Sources */ = {
			isa = PBXSourcesBuildPhase;
			buildActionMask = 2147483647;
			files = (
				8ECB87F52636BD74005A4ABA /* LandmarksTests.swift in Sources */,
			);
			runOnlyForDeploymentPostprocessing = 0;
		};
		8ECB87F72636BD74005A4ABA /* Sources */ = {
			isa = PBXSourcesBuildPhase;
			buildActionMask = 2147483647;
			files = (
				8ECB88002636BD74005A4ABA /* LandmarksUITests.swift in Sources */,
			);
			runOnlyForDeploymentPostprocessing = 0;
		};
/* End PBXSourcesBuildPhase section */

/* Begin PBXTargetDependency section */
		8ECB87F22636BD74005A4ABA /* PBXTargetDependency */ = {
			isa = PBXTargetDependency;
			target = 8ECB87DE2636BD73005A4ABA /* Landmarks */;
			targetProxy = 8ECB87F12636BD74005A4ABA /* PBXContainerItemProxy */;
		};
		8ECB87FD2636BD74005A4ABA /* PBXTargetDependency */ = {
			isa = PBXTargetDependency;
			target = 8ECB87DE2636BD73005A4ABA /* Landmarks */;
			targetProxy = 8ECB87FC2636BD74005A4ABA /* PBXContainerItemProxy */;
		};
/* End PBXTargetDependency section */

/* Begin XCBuildConfiguration section */
		8ECB88022636BD74005A4ABA /* Debug */ = {
			isa = XCBuildConfiguration;
			buildSettings = {
				ALWAYS_SEARCH_USER_PATHS = NO;
				CLANG_ANALYZER_NONNULL = YES;
				CLANG_ANALYZER_NUMBER_OBJECT_CONVERSION = YES_AGGRESSIVE;
				CLANG_CXX_LANGUAGE_STANDARD = "gnu++14";
				CLANG_CXX_LIBRARY = "libc++";
				CLANG_ENABLE_MODULES = YES;
				CLANG_ENABLE_OBJC_ARC = YES;
				CLANG_ENABLE_OBJC_WEAK = YES;
				CLANG_WARN_BLOCK_CAPTURE_AUTORELEASING = YES;
				CLANG_WARN_BOOL_CONVERSION = YES;
				CLANG_WARN_COMMA = YES;
				CLANG_WARN_CONSTANT_CONVERSION = YES;
				CLANG_WARN_DEPRECATED_OBJC_IMPLEMENTATIONS = YES;
				CLANG_WARN_DIRECT_OBJC_ISA_USAGE = YES_ERROR;
				CLANG_WARN_DOCUMENTATION_COMMENTS = YES;
				CLANG_WARN_EMPTY_BODY = YES;
				CLANG_WARN_ENUM_CONVERSION = YES;
				CLANG_WARN_INFINITE_RECURSION = YES;
				CLANG_WARN_INT_CONVERSION = YES;
				CLANG_WARN_NON_LITERAL_NULL_CONVERSION = YES;
				CLANG_WARN_OBJC_IMPLICIT_RETAIN_SELF = YES;
				CLANG_WARN_OBJC_LITERAL_CONVERSION = YES;
				CLANG_WARN_OBJC_ROOT_CLASS = YES_ERROR;
				CLANG_WARN_QUOTED_INCLUDE_IN_FRAMEWORK_HEADER = YES;
				CLANG_WARN_RANGE_LOOP_ANALYSIS = YES;
				CLANG_WARN_STRICT_PROTOTYPES = YES;
				CLANG_WARN_SUSPICIOUS_MOVE = YES;
				CLANG_WARN_UNGUARDED_AVAILABILITY = YES_AGGRESSIVE;
				CLANG_WARN_UNREACHABLE_CODE = YES;
				CLANG_WARN__DUPLICATE_METHOD_MATCH = YES;
				COPY_PHASE_STRIP = NO;
				DEBUG_INFORMATION_FORMAT = dwarf;
				ENABLE_STRICT_OBJC_MSGSEND = YES;
				ENABLE_TESTABILITY = YES;
				GCC_C_LANGUAGE_STANDARD = gnu11;
				GCC_DYNAMIC_NO_PIC = NO;
				GCC_NO_COMMON_BLOCKS = YES;
				GCC_OPTIMIZATION_LEVEL = 0;
				GCC_PREPROCESSOR_DEFINITIONS = (
					"DEBUG=1",
					"$(inherited)",
				);
				GCC_WARN_64_TO_32_BIT_CONVERSION = YES;
				GCC_WARN_ABOUT_RETURN_TYPE = YES_ERROR;
				GCC_WARN_UNDECLARED_SELECTOR = YES;
				GCC_WARN_UNINITIALIZED_AUTOS = YES_AGGRESSIVE;
				GCC_WARN_UNUSED_FUNCTION = YES;
				GCC_WARN_UNUSED_VARIABLE = YES;
				IPHONEOS_DEPLOYMENT_TARGET = 14.1;
				MTL_ENABLE_DEBUG_INFO = INCLUDE_SOURCE;
				MTL_FAST_MATH = YES;
				ONLY_ACTIVE_ARCH = YES;
				SDKROOT = iphoneos;
				SWIFT_ACTIVE_COMPILATION_CONDITIONS = DEBUG;
				SWIFT_OPTIMIZATION_LEVEL = "-Onone";
			};
			name = Debug;
		};
		8ECB88032636BD74005A4ABA /* Release */ = {
			isa = XCBuildConfiguration;
			buildSettings = {
				ALWAYS_SEARCH_USER_PATHS = NO;
				CLANG_ANALYZER_NONNULL = YES;
				CLANG_ANALYZER_NUMBER_OBJECT_CONVERSION = YES_AGGRESSIVE;
				CLANG_CXX_LANGUAGE_STANDARD = "gnu++14";
				CLANG_CXX_LIBRARY = "libc++";
				CLANG_ENABLE_MODULES = YES;
				CLANG_ENABLE_OBJC_ARC = YES;
				CLANG_ENABLE_OBJC_WEAK = YES;
				CLANG_WARN_BLOCK_CAPTURE_AUTORELEASING = YES;
				CLANG_WARN_BOOL_CONVERSION = YES;
				CLANG_WARN_COMMA = YES;
				CLANG_WARN_CONSTANT_CONVERSION = YES;
				CLANG_WARN_DEPRECATED_OBJC_IMPLEMENTATIONS = YES;
				CLANG_WARN_DIRECT_OBJC_ISA_USAGE = YES_ERROR;
				CLANG_WARN_DOCUMENTATION_COMMENTS = YES;
				CLANG_WARN_EMPTY_BODY = YES;
				CLANG_WARN_ENUM_CONVERSION = YES;
				CLANG_WARN_INFINITE_RECURSION = YES;
				CLANG_WARN_INT_CONVERSION = YES;
				CLANG_WARN_NON_LITERAL_NULL_CONVERSION = YES;
				CLANG_WARN_OBJC_IMPLICIT_RETAIN_SELF = YES;
				CLANG_WARN_OBJC_LITERAL_CONVERSION = YES;
				CLANG_WARN_OBJC_ROOT_CLASS = YES_ERROR;
				CLANG_WARN_QUOTED_INCLUDE_IN_FRAMEWORK_HEADER = YES;
				CLANG_WARN_RANGE_LOOP_ANALYSIS = YES;
				CLANG_WARN_STRICT_PROTOTYPES = YES;
				CLANG_WARN_SUSPICIOUS_MOVE = YES;
				CLANG_WARN_UNGUARDED_AVAILABILITY = YES_AGGRESSIVE;
				CLANG_WARN_UNREACHABLE_CODE = YES;
				CLANG_WARN__DUPLICATE_METHOD_MATCH = YES;
				COPY_PHASE_STRIP = NO;
				DEBUG_INFORMATION_FORMAT = "dwarf-with-dsym";
				ENABLE_NS_ASSERTIONS = NO;
				ENABLE_STRICT_OBJC_MSGSEND = YES;
				GCC_C_LANGUAGE_STANDARD = gnu11;
				GCC_NO_COMMON_BLOCKS = YES;
				GCC_WARN_64_TO_32_BIT_CONVERSION = YES;
				GCC_WARN_ABOUT_RETURN_TYPE = YES_ERROR;
				GCC_WARN_UNDECLARED_SELECTOR = YES;
				GCC_WARN_UNINITIALIZED_AUTOS = YES_AGGRESSIVE;
				GCC_WARN_UNUSED_FUNCTION = YES;
				GCC_WARN_UNUSED_VARIABLE = YES;
				IPHONEOS_DEPLOYMENT_TARGET = 14.1;
				MTL_ENABLE_DEBUG_INFO = NO;
				MTL_FAST_MATH = YES;
				SDKROOT = iphoneos;
				SWIFT_COMPILATION_MODE = wholemodule;
				SWIFT_OPTIMIZATION_LEVEL = "-O";
				VALIDATE_PRODUCT = YES;
			};
			name = Release;
		};
		8ECB88052636BD74005A4ABA /* Debug */ = {
			isa = XCBuildConfiguration;
			buildSettings = {
				ASSETCATALOG_COMPILER_APPICON_NAME = AppIcon;
				ASSETCATALOG_COMPILER_GLOBAL_ACCENT_COLOR_NAME = AccentColor;
				CODE_SIGN_STYLE = Automatic;
				DEVELOPMENT_ASSET_PATHS = "\"Landmarks/Preview Content\"";
				DEVELOPMENT_TEAM = SZZUJ474SG;
				ENABLE_PREVIEWS = YES;
				INFOPLIST_FILE = Landmarks/Info.plist;
				IPHONEOS_DEPLOYMENT_TARGET = 14.0;
				LD_RUNPATH_SEARCH_PATHS = (
					"$(inherited)",
					"@executable_path/Frameworks",
				);
				PRODUCT_BUNDLE_IDENTIFIER = project.Landmarks;
				PRODUCT_NAME = "$(TARGET_NAME)";
				SWIFT_VERSION = 5.0;
				TARGETED_DEVICE_FAMILY = "1,2";
			};
			name = Debug;
		};
		8ECB88062636BD74005A4ABA /* Release */ = {
			isa = XCBuildConfiguration;
			buildSettings = {
				ASSETCATALOG_COMPILER_APPICON_NAME = AppIcon;
				ASSETCATALOG_COMPILER_GLOBAL_ACCENT_COLOR_NAME = AccentColor;
				CODE_SIGN_STYLE = Automatic;
				DEVELOPMENT_ASSET_PATHS = "\"Landmarks/Preview Content\"";
				DEVELOPMENT_TEAM = SZZUJ474SG;
				ENABLE_PREVIEWS = YES;
				INFOPLIST_FILE = Landmarks/Info.plist;
				IPHONEOS_DEPLOYMENT_TARGET = 14.0;
				LD_RUNPATH_SEARCH_PATHS = (
					"$(inherited)",
					"@executable_path/Frameworks",
				);
				PRODUCT_BUNDLE_IDENTIFIER = project.Landmarks;
				PRODUCT_NAME = "$(TARGET_NAME)";
				SWIFT_VERSION = 5.0;
				TARGETED_DEVICE_FAMILY = "1,2";
			};
			name = Release;
		};
		8ECB88082636BD74005A4ABA /* Debug */ = {
			isa = XCBuildConfiguration;
			buildSettings = {
				ALWAYS_EMBED_SWIFT_STANDARD_LIBRARIES = YES;
				BUNDLE_LOADER = "$(TEST_HOST)";
				CODE_SIGN_STYLE = Automatic;
				DEVELOPMENT_TEAM = SZZUJ474SG;
				INFOPLIST_FILE = LandmarksTests/Info.plist;
				IPHONEOS_DEPLOYMENT_TARGET = 14.0;
				LD_RUNPATH_SEARCH_PATHS = (
					"$(inherited)",
					"@executable_path/Frameworks",
					"@loader_path/Frameworks",
				);
				PRODUCT_BUNDLE_IDENTIFIER = project.LandmarksTests;
				PRODUCT_NAME = "$(TARGET_NAME)";
				SWIFT_VERSION = 5.0;
				TARGETED_DEVICE_FAMILY = "1,2";
				TEST_HOST = "$(BUILT_PRODUCTS_DIR)/Landmarks.app/Landmarks";
			};
			name = Debug;
		};
		8ECB88092636BD74005A4ABA /* Release */ = {
			isa = XCBuildConfiguration;
			buildSettings = {
				ALWAYS_EMBED_SWIFT_STANDARD_LIBRARIES = YES;
				BUNDLE_LOADER = "$(TEST_HOST)";
				CODE_SIGN_STYLE = Automatic;
				DEVELOPMENT_TEAM = SZZUJ474SG;
				INFOPLIST_FILE = LandmarksTests/Info.plist;
				IPHONEOS_DEPLOYMENT_TARGET = 14.0;
				LD_RUNPATH_SEARCH_PATHS = (
					"$(inherited)",
					"@executable_path/Frameworks",
					"@loader_path/Frameworks",
				);
				PRODUCT_BUNDLE_IDENTIFIER = project.LandmarksTests;
				PRODUCT_NAME = "$(TARGET_NAME)";
				SWIFT_VERSION = 5.0;
				TARGETED_DEVICE_FAMILY = "1,2";
				TEST_HOST = "$(BUILT_PRODUCTS_DIR)/Landmarks.app/Landmarks";
			};
			name = Release;
		};
		8ECB880B2636BD74005A4ABA /* Debug */ = {
			isa = XCBuildConfiguration;
			buildSettings = {
				ALWAYS_EMBED_SWIFT_STANDARD_LIBRARIES = YES;
				CODE_SIGN_STYLE = Automatic;
				DEVELOPMENT_TEAM = SZZUJ474SG;
				INFOPLIST_FILE = LandmarksUITests/Info.plist;
				LD_RUNPATH_SEARCH_PATHS = (
					"$(inherited)",
					"@executable_path/Frameworks",
					"@loader_path/Frameworks",
				);
				PRODUCT_BUNDLE_IDENTIFIER = project.LandmarksUITests;
				PRODUCT_NAME = "$(TARGET_NAME)";
				SWIFT_VERSION = 5.0;
				TARGETED_DEVICE_FAMILY = "1,2";
				TEST_TARGET_NAME = Landmarks;
			};
			name = Debug;
		};
		8ECB880C2636BD74005A4ABA /* Release */ = {
			isa = XCBuildConfiguration;
			buildSettings = {
				ALWAYS_EMBED_SWIFT_STANDARD_LIBRARIES = YES;
				CODE_SIGN_STYLE = Automatic;
				DEVELOPMENT_TEAM = SZZUJ474SG;
				INFOPLIST_FILE = LandmarksUITests/Info.plist;
				LD_RUNPATH_SEARCH_PATHS = (
					"$(inherited)",
					"@executable_path/Frameworks",
					"@loader_path/Frameworks",
				);
				PRODUCT_BUNDLE_IDENTIFIER = project.LandmarksUITests;
				PRODUCT_NAME = "$(TARGET_NAME)";
				SWIFT_VERSION = 5.0;
				TARGETED_DEVICE_FAMILY = "1,2";
				TEST_TARGET_NAME = Landmarks;
			};
			name = Release;
		};
/* End XCBuildConfiguration section */

/* Begin XCConfigurationList section */
		8ECB87DA2636BD73005A4ABA /* Build configuration list for PBXProject "Landmarks" */ = {
			isa = XCConfigurationList;
			buildConfigurations = (
				8ECB88022636BD74005A4ABA /* Debug */,
				8ECB88032636BD74005A4ABA /* Release */,
			);
			defaultConfigurationIsVisible = 0;
			defaultConfigurationName = Release;
		};
		8ECB88042636BD74005A4ABA /* Build configuration list for PBXNativeTarget "Landmarks" */ = {
			isa = XCConfigurationList;
			buildConfigurations = (
				8ECB88052636BD74005A4ABA /* Debug */,
				8ECB88062636BD74005A4ABA /* Release */,
			);
			defaultConfigurationIsVisible = 0;
			defaultConfigurationName = Release;
		};
		8ECB88072636BD74005A4ABA /* Build configuration list for PBXNativeTarget "LandmarksTests" */ = {
			isa = XCConfigurationList;
			buildConfigurations = (
				8ECB88082636BD74005A4ABA /* Debug */,
				8ECB88092636BD74005A4ABA /* Release */,
			);
			defaultConfigurationIsVisible = 0;
			defaultConfigurationName = Release;
		};
		8ECB880A2636BD74005A4ABA /* Build configuration list for PBXNativeTarget "LandmarksUITests" */ = {
			isa = XCConfigurationList;
			buildConfigurations = (
				8ECB880B2636BD74005A4ABA /* Debug */,
				8ECB880C2636BD74005A4ABA /* Release */,
			);
			defaultConfigurationIsVisible = 0;
			defaultConfigurationName = Release;
		};
/* End XCConfigurationList section */
	};
	rootObject = 8ECB87D72636BD73005A4ABA /* Project object */;
}
